// !$*UTF8*$!
{
	archiveVersion = 1;
	classes = {
	};
	objectVersion = 46;
	objects = {

/* Begin PBXBuildFile section */
		36DDC5FB1B24CAAD0026D075 /* AppDelegate.swift in Sources */ = {isa = PBXBuildFile; fileRef = 36DDC5FA1B24CAAD0026D075 /* AppDelegate.swift */; };
		36DDC5FE1B24CAAD0026D075 /* My_Sound_Board.xcdatamodeld in Sources */ = {isa = PBXBuildFile; fileRef = 36DDC5FC1B24CAAD0026D075 /* My_Sound_Board.xcdatamodeld */; };
		36DDC6001B24CAAD0026D075 /* ViewController.swift in Sources */ = {isa = PBXBuildFile; fileRef = 36DDC5FF1B24CAAD0026D075 /* ViewController.swift */; };
		36DDC6031B24CAAD0026D075 /* Main.storyboard in Resources */ = {isa = PBXBuildFile; fileRef = 36DDC6011B24CAAD0026D075 /* Main.storyboard */; };
		36DDC6051B24CAAD0026D075 /* Images.xcassets in Resources */ = {isa = PBXBuildFile; fileRef = 36DDC6041B24CAAD0026D075 /* Images.xcassets */; };
		36DDC6081B24CAAD0026D075 /* LaunchScreen.xib in Resources */ = {isa = PBXBuildFile; fileRef = 36DDC6061B24CAAD0026D075 /* LaunchScreen.xib */; };
		36DDC6141B24CAAD0026D075 /* My_Sound_BoardTests.swift in Sources */ = {isa = PBXBuildFile; fileRef = 36DDC6131B24CAAD0026D075 /* My_Sound_BoardTests.swift */; };
/* End PBXBuildFile section */

/* Begin PBXContainerItemProxy section */
		36DDC60E1B24CAAD0026D075 /* PBXContainerItemProxy */ = {
			isa = PBXContainerItemProxy;
			containerPortal = 36DDC5ED1B24CAAD0026D075 /* Project object */;
			proxyType = 1;
			remoteGlobalIDString = 36DDC5F41B24CAAD0026D075;
			remoteInfo = "My Sound Board";
		};
/* End PBXContainerItemProxy section */

/* Begin PBXFileReference section */
		36DDC5F51B24CAAD0026D075 /* My Sound Board.app */ = {isa = PBXFileReference; explicitFileType = wrapper.application; includeInIndex = 0; path = "My Sound Board.app"; sourceTree = BUILT_PRODUCTS_DIR; };
		36DDC5F91B24CAAD0026D075 /* Info.plist */ = {isa = PBXFileReference; lastKnownFileType = text.plist.xml; path = Info.plist; sourceTree = "<group>"; };
		36DDC5FA1B24CAAD0026D075 /* AppDelegate.swift */ = {isa = PBXFileReference; lastKnownFileType = sourcecode.swift; path = AppDelegate.swift; sourceTree = "<group>"; };
		36DDC5FD1B24CAAD0026D075 /* My_Sound_Board.xcdatamodel */ = {isa = PBXFileReference; lastKnownFileType = wrapper.xcdatamodel; path = My_Sound_Board.xcdatamodel; sourceTree = "<group>"; };
		36DDC5FF1B24CAAD0026D075 /* ViewController.swift */ = {isa = PBXFileReference; lastKnownFileType = sourcecode.swift; path = ViewController.swift; sourceTree = "<group>"; };
		36DDC6021B24CAAD0026D075 /* Base */ = {isa = PBXFileReference; lastKnownFileType = file.storyboard; name = Base; path = Base.lproj/Main.storyboard; sourceTree = "<group>"; };
		36DDC6041B24CAAD0026D075 /* Images.xcassets */ = {isa = PBXFileReference; lastKnownFileType = folder.assetcatalog; path = Images.xcassets; sourceTree = "<group>"; };
		36DDC6071B24CAAD0026D075 /* Base */ = {isa = PBXFileReference; lastKnownFileType = file.xib; name = Base; path = Base.lproj/LaunchScreen.xib; sourceTree = "<group>"; };
		36DDC60D1B24CAAD0026D075 /* My Sound BoardTests.xctest */ = {isa = PBXFileReference; explicitFileType = wrapper.cfbundle; includeInIndex = 0; path = "My Sound BoardTests.xctest"; sourceTree = BUILT_PRODUCTS_DIR; };
		36DDC6121B24CAAD0026D075 /* Info.plist */ = {isa = PBXFileReference; lastKnownFileType = text.plist.xml; path = Info.plist; sourceTree = "<group>"; };
		36DDC6131B24CAAD0026D075 /* My_Sound_BoardTests.swift */ = {isa = PBXFileReference; lastKnownFileType = sourcecode.swift; path = My_Sound_BoardTests.swift; sourceTree = "<group>"; };
/* End PBXFileReference section */

/* Begin PBXFrameworksBuildPhase section */
		36DDC5F21B24CAAD0026D075 /* Frameworks */ = {
			isa = PBXFrameworksBuildPhase;
			buildActionMask = 2147483647;
			files = (
			);
			runOnlyForDeploymentPostprocessing = 0;
		};
		36DDC60A1B24CAAD0026D075 /* Frameworks */ = {
			isa = PBXFrameworksBuildPhase;
			buildActionMask = 2147483647;
			files = (
			);
			runOnlyForDeploymentPostprocessing = 0;
		};
/* End PBXFrameworksBuildPhase section */

/* Begin PBXGroup section */
		36DDC5EC1B24CAAD0026D075 = {
			isa = PBXGroup;
			children = (
				36DDC5F71B24CAAD0026D075 /* My Sound Board */,
				36DDC6101B24CAAD0026D075 /* My Sound BoardTests */,
				36DDC5F61B24CAAD0026D075 /* Products */,
			);
			sourceTree = "<group>";
		};
		36DDC5F61B24CAAD0026D075 /* Products */ = {
			isa = PBXGroup;
			children = (
				36DDC5F51B24CAAD0026D075 /* My Sound Board.app */,
				36DDC60D1B24CAAD0026D075 /* My Sound BoardTests.xctest */,
			);
			name = Products;
			sourceTree = "<group>";
		};
		36DDC5F71B24CAAD0026D075 /* My Sound Board */ = {
			isa = PBXGroup;
			children = (
				36DDC5FA1B24CAAD0026D075 /* AppDelegate.swift */,
				36DDC5FF1B24CAAD0026D075 /* ViewController.swift */,
				36DDC6011B24CAAD0026D075 /* Main.storyboard */,
				36DDC6041B24CAAD0026D075 /* Images.xcassets */,
				36DDC6061B24CAAD0026D075 /* LaunchScreen.xib */,
				36DDC5FC1B24CAAD0026D075 /* My_Sound_Board.xcdatamodeld */,
				36DDC5F81B24CAAD0026D075 /* Supporting Files */,
			);
			path = "My Sound Board";
			sourceTree = "<group>";
		};
		36DDC5F81B24CAAD0026D075 /* Supporting Files */ = {
			isa = PBXGroup;
			children = (
				36DDC5F91B24CAAD0026D075 /* Info.plist */,
			);
			name = "Supporting Files";
			sourceTree = "<group>";
		};
		36DDC6101B24CAAD0026D075 /* My Sound BoardTests */ = {
			isa = PBXGroup;
			children = (
				36DDC6131B24CAAD0026D075 /* My_Sound_BoardTests.swift */,
				36DDC6111B24CAAD0026D075 /* Supporting Files */,
			);
			path = "My Sound BoardTests";
			sourceTree = "<group>";
		};
		36DDC6111B24CAAD0026D075 /* Supporting Files */ = {
			isa = PBXGroup;
			children = (
				36DDC6121B24CAAD0026D075 /* Info.plist */,
			);
			name = "Supporting Files";
			sourceTree = "<group>";
		};
/* End PBXGroup section */

/* Begin PBXNativeTarget section */
		36DDC5F41B24CAAD0026D075 /* My Sound Board */ = {
			isa = PBXNativeTarget;
			buildConfigurationList = 36DDC6171B24CAAD0026D075 /* Build configuration list for PBXNativeTarget "My Sound Board" */;
			buildPhases = (
				36DDC5F11B24CAAD0026D075 /* Sources */,
				36DDC5F21B24CAAD0026D075 /* Frameworks */,
				36DDC5F31B24CAAD0026D075 /* Resources */,
			);
			buildRules = (
			);
			dependencies = (
			);
			name = "My Sound Board";
			productName = "My Sound Board";
			productReference = 36DDC5F51B24CAAD0026D075 /* My Sound Board.app */;
			productType = "com.apple.product-type.application";
		};
		36DDC60C1B24CAAD0026D075 /* My Sound BoardTests */ = {
			isa = PBXNativeTarget;
			buildConfigurationList = 36DDC61A1B24CAAD0026D075 /* Build configuration list for PBXNativeTarget "My Sound BoardTests" */;
			buildPhases = (
				36DDC6091B24CAAD0026D075 /* Sources */,
				36DDC60A1B24CAAD0026D075 /* Frameworks */,
				36DDC60B1B24CAAD0026D075 /* Resources */,
			);
			buildRules = (
			);
			dependencies = (
				36DDC60F1B24CAAD0026D075 /* PBXTargetDependency */,
			);
			name = "My Sound BoardTests";
			productName = "My Sound BoardTests";
			productReference = 36DDC60D1B24CAAD0026D075 /* My Sound BoardTests.xctest */;
			productType = "com.apple.product-type.bundle.unit-test";
		};
/* End PBXNativeTarget section */

/* Begin PBXProject section */
		36DDC5ED1B24CAAD0026D075 /* Project object */ = {
			isa = PBXProject;
			attributes = {
				LastUpgradeCheck = 0630;
				ORGANIZATIONNAME = "DEV MODE";
				TargetAttributes = {
					36DDC5F41B24CAAD0026D075 = {
						CreatedOnToolsVersion = 6.3.2;
					};
					36DDC60C1B24CAAD0026D075 = {
						CreatedOnToolsVersion = 6.3.2;
						TestTargetID = 36DDC5F41B24CAAD0026D075;
					};
				};
			};
			buildConfigurationList = 36DDC5F01B24CAAD0026D075 /* Build configuration list for PBXProject "My Sound Board" */;
			compatibilityVersion = "Xcode 3.2";
			developmentRegion = English;
			hasScannedForEncodings = 0;
			knownRegions = (
				en,
				Base,
			);
			mainGroup = 36DDC5EC1B24CAAD0026D075;
			productRefGroup = 36DDC5F61B24CAAD0026D075 /* Products */;
			projectDirPath = "";
			projectRoot = "";
			targets = (
				36DDC5F41B24CAAD0026D075 /* My Sound Board */,
				36DDC60C1B24CAAD0026D075 /* My Sound BoardTests */,
			);
		};
/* End PBXProject section */

/* Begin PBXResourcesBuildPhase section */
		36DDC5F31B24CAAD0026D075 /* Resources */ = {
			isa = PBXResourcesBuildPhase;
			buildActionMask = 2147483647;
			files = (
				36DDC6031B24CAAD0026D075 /* Main.storyboard in Resources */,
				36DDC6081B24CAAD0026D075 /* LaunchScreen.xib in Resources */,
				36DDC6051B24CAAD0026D075 /* Images.xcassets in Resources */,
			);
			runOnlyForDeploymentPostprocessing = 0;
		};
		36DDC60B1B24CAAD0026D075 /* Resources */ = {
			isa = PBXResourcesBuildPhase;
			buildActionMask = 2147483647;
			files = (
			);
			runOnlyForDeploymentPostprocessing = 0;
		};
/* End PBXResourcesBuildPhase section */

/* Begin PBXSourcesBuildPhase section */
		36DDC5F11B24CAAD0026D075 /* Sources */ = {
			isa = PBXSourcesBuildPhase;
			buildActionMask = 2147483647;
			files = (
				36DDC6001B24CAAD0026D075 /* ViewController.swift in Sources */,
				36DDC5FE1B24CAAD0026D075 /* My_Sound_Board.xcdatamodeld in Sources */,
				36DDC5FB1B24CAAD0026D075 /* AppDelegate.swift in Sources */,
			);
			runOnlyForDeploymentPostprocessing = 0;
		};
		36DDC6091B24CAAD0026D075 /* Sources */ = {
			isa = PBXSourcesBuildPhase;
			buildActionMask = 2147483647;
			files = (
				36DDC6141B24CAAD0026D075 /* My_Sound_BoardTests.swift in Sources */,
			);
			runOnlyForDeploymentPostprocessing = 0;
		};
/* End PBXSourcesBuildPhase section */

/* Begin PBXTargetDependency section */
		36DDC60F1B24CAAD0026D075 /* PBXTargetDependency */ = {
			isa = PBXTargetDependency;
			target = 36DDC5F41B24CAAD0026D075 /* My Sound Board */;
			targetProxy = 36DDC60E1B24CAAD0026D075 /* PBXContainerItemProxy */;
		};
/* End PBXTargetDependency section */

/* Begin PBXVariantGroup section */
		36DDC6011B24CAAD0026D075 /* Main.storyboard */ = {
			isa = PBXVariantGroup;
			children = (
				36DDC6021B24CAAD0026D075 /* Base */,
			);
			name = Main.storyboard;
			sourceTree = "<group>";
		};
		36DDC6061B24CAAD0026D075 /* LaunchScreen.xib */ = {
			isa = PBXVariantGroup;
			children = (
				36DDC6071B24CAAD0026D075 /* Base */,
			);
			name = LaunchScreen.xib;
			sourceTree = "<group>";
		};
/* End PBXVariantGroup section */

/* Begin XCBuildConfiguration section */
		36DDC6151B24CAAD0026D075 /* Debug */ = {
			isa = XCBuildConfiguration;
			buildSettings = {
				ALWAYS_SEARCH_USER_PATHS = NO;
				CLANG_CXX_LANGUAGE_STANDARD = "gnu++0x";
				CLANG_CXX_LIBRARY = "libc++";
				CLANG_ENABLE_MODULES = YES;
				CLANG_ENABLE_OBJC_ARC = YES;
				CLANG_WARN_BOOL_CONVERSION = YES;
				CLANG_WARN_CONSTANT_CONVERSION = YES;
				CLANG_WARN_DIRECT_OBJC_ISA_USAGE = YES_ERROR;
				CLANG_WARN_EMPTY_BODY = YES;
				CLANG_WARN_ENUM_CONVERSION = YES;
				CLANG_WARN_INT_CONVERSION = YES;
				CLANG_WARN_OBJC_ROOT_CLASS = YES_ERROR;
				CLANG_WARN_UNREACHABLE_CODE = YES;
				CLANG_WARN__DUPLICATE_METHOD_MATCH = YES;
				"CODE_SIGN_IDENTITY[sdk=iphoneos*]" = "iPhone Developer";
				COPY_PHASE_STRIP = NO;
				DEBUG_INFORMATION_FORMAT = "dwarf-with-dsym";
				ENABLE_STRICT_OBJC_MSGSEND = YES;
				GCC_C_LANGUAGE_STANDARD = gnu99;
				GCC_DYNAMIC_NO_PIC = NO;
				GCC_NO_COMMON_BLOCKS = YES;
				GCC_OPTIMIZATION_LEVEL = 0;
				GCC_PREPROCESSOR_DEFINITIONS = (
					"DEBUG=1",
					"$(inherited)",
				);
				GCC_SYMBOLS_PRIVATE_EXTERN = NO;
				GCC_WARN_64_TO_32_BIT_CONVERSION = YES;
				GCC_WARN_ABOUT_RETURN_TYPE = YES_ERROR;
				GCC_WARN_UNDECLARED_SELECTOR = YES;
				GCC_WARN_UNINITIALIZED_AUTOS = YES_AGGRESSIVE;
				GCC_WARN_UNUSED_FUNCTION = YES;
				GCC_WARN_UNUSED_VARIABLE = YES;
				IPHONEOS_DEPLOYMENT_TARGET = 8.3;
				MTL_ENABLE_DEBUG_INFO = YES;
				ONLY_ACTIVE_ARCH = YES;
				SDKROOT = iphoneos;
				SWIFT_OPTIMIZATION_LEVEL = "-Onone";
				TARGETED_DEVICE_FAMILY = "1,2";
			};
			name = Debug;
		};
		36DDC6161B24CAAD0026D075 /* Release */ = {
			isa = XCBuildConfiguration;
			buildSettings = {
				ALWAYS_SEARCH_USER_PATHS = NO;
				CLANG_CXX_LANGUAGE_STANDARD = "gnu++0x";
				CLANG_CXX_LIBRARY = "libc++";
				CLANG_ENABLE_MODULES = YES;
				CLANG_ENABLE_OBJC_ARC = YES;
				CLANG_WARN_BOOL_CONVERSION = YES;
				CLANG_WARN_CONSTANT_CONVERSION = YES;
				CLANG_WARN_DIRECT_OBJC_ISA_USAGE = YES_ERROR;
				CLANG_WARN_EMPTY_BODY = YES;
				CLANG_WARN_ENUM_CONVERSION = YES;
				CLANG_WARN_INT_CONVERSION = YES;
				CLANG_WARN_OBJC_ROOT_CLASS = YES_ERROR;
				CLANG_WARN_UNREACHABLE_CODE = YES;
				CLANG_WARN__DUPLICATE_METHOD_MATCH = YES;
				"CODE_SIGN_IDENTITY[sdk=iphoneos*]" = "iPhone Developer";
				COPY_PHASE_STRIP = NO;
				DEBUG_INFORMATION_FORMAT = "dwarf-with-dsym";
				ENABLE_NS_ASSERTIONS = NO;
				ENABLE_STRICT_OBJC_MSGSEND = YES;
				GCC_C_LANGUAGE_STANDARD = gnu99;
				GCC_NO_COMMON_BLOCKS = YES;
				GCC_WARN_64_TO_32_BIT_CONVERSION = YES;
				GCC_WARN_ABOUT_RETURN_TYPE = YES_ERROR;
				GCC_WARN_UNDECLARED_SELECTOR = YES;
				GCC_WARN_UNINITIALIZED_AUTOS = YES_AGGRESSIVE;
				GCC_WARN_UNUSED_FUNCTION = YES;
				GCC_WARN_UNUSED_VARIABLE = YES;
				IPHONEOS_DEPLOYMENT_TARGET = 8.3;
				MTL_ENABLE_DEBUG_INFO = NO;
				SDKROOT = iphoneos;
				TARGETED_DEVICE_FAMILY = "1,2";
				VALIDATE_PRODUCT = YES;
			};
			name = Release;
		};
		36DDC6181B24CAAD0026D075 /* Debug */ = {
			isa = XCBuildConfiguration;
			buildSettings = {
				ASSETCATALOG_COMPILER_APPICON_NAME = AppIcon;
				INFOPLIST_FILE = "My Sound Board/Info.plist";
				LD_RUNPATH_SEARCH_PATHS = "$(inherited) @executable_path/Frameworks";
				PRODUCT_NAME = "$(TARGET_NAME)";
			};
			name = Debug;
		};
		36DDC6191B24CAAD0026D075 /* Release */ = {
			isa = XCBuildConfiguration;
			buildSettings = {
				ASSETCATALOG_COMPILER_APPICON_NAME = AppIcon;
				INFOPLIST_FILE = "My Sound Board/Info.plist";
				LD_RUNPATH_SEARCH_PATHS = "$(inherited) @executable_path/Frameworks";
				PRODUCT_NAME = "$(TARGET_NAME)";
			};
			name = Release;
		};
		36DDC61B1B24CAAD0026D075 /* Debug */ = {
			isa = XCBuildConfiguration;
			buildSettings = {
				BUNDLE_LOADER = "$(TEST_HOST)";
				FRAMEWORK_SEARCH_PATHS = (
					"$(SDKROOT)/Developer/Library/Frameworks",
					"$(inherited)",
				);
				GCC_PREPROCESSOR_DEFINITIONS = (
					"DEBUG=1",
					"$(inherited)",
				);
				INFOPLIST_FILE = "My Sound BoardTests/Info.plist";
				LD_RUNPATH_SEARCH_PATHS = "$(inherited) @executable_path/Frameworks @loader_path/Frameworks";
				PRODUCT_NAME = "$(TARGET_NAME)";
				TEST_HOST = "$(BUILT_PRODUCTS_DIR)/My Sound Board.app/My Sound Board";
			};
			name = Debug;
		};
		36DDC61C1B24CAAD0026D075 /* Release */ = {
			isa = XCBuildConfiguration;
			buildSettings = {
				BUNDLE_LOADER = "$(TEST_HOST)";
				FRAMEWORK_SEARCH_PATHS = (
					"$(SDKROOT)/Developer/Library/Frameworks",
					"$(inherited)",
				);
				INFOPLIST_FILE = "My Sound BoardTests/Info.plist";
				LD_RUNPATH_SEARCH_PATHS = "$(inherited) @executable_path/Frameworks @loader_path/Frameworks";
				PRODUCT_NAME = "$(TARGET_NAME)";
				TEST_HOST = "$(BUILT_PRODUCTS_DIR)/My Sound Board.app/My Sound Board";
			};
			name = Release;
		};
/* End XCBuildConfiguration section */

/* Begin XCConfigurationList section */
		36DDC5F01B24CAAD0026D075 /* Build configuration list for PBXProject "My Sound Board" */ = {
			isa = XCConfigurationList;
			buildConfigurations = (
				36DDC6151B24CAAD0026D075 /* Debug */,
				36DDC6161B24CAAD0026D075 /* Release */,
			);
			defaultConfigurationIsVisible = 0;
			defaultConfigurationName = Release;
		};
		36DDC6171B24CAAD0026D075 /* Build configuration list for PBXNativeTarget "My Sound Board" */ = {
			isa = XCConfigurationList;
			buildConfigurations = (
				36DDC6181B24CAAD0026D075 /* Debug */,
				36DDC6191B24CAAD0026D075 /* Release */,
			);
			defaultConfigurationIsVisible = 0;
		};
		36DDC61A1B24CAAD0026D075 /* Build configuration list for PBXNativeTarget "My Sound BoardTests" */ = {
			isa = XCConfigurationList;
			buildConfigurations = (
				36DDC61B1B24CAAD0026D075 /* Debug */,
				36DDC61C1B24CAAD0026D075 /* Release */,
			);
			defaultConfigurationIsVisible = 0;
		};
/* End XCConfigurationList section */

/* Begin XCVersionGroup section */
		36DDC5FC1B24CAAD0026D075 /* My_Sound_Board.xcdatamodeld */ = {
			isa = XCVersionGroup;
			children = (
				36DDC5FD1B24CAAD0026D075 /* My_Sound_Board.xcdatamodel */,
			);
			currentVersion = 36DDC5FD1B24CAAD0026D075 /* My_Sound_Board.xcdatamodel */;
			path = My_Sound_Board.xcdatamodeld;
			sourceTree = "<group>";
			versionGroupType = wrapper.xcdatamodel;
		};
/* End XCVersionGroup section */
	};
	rootObject = 36DDC5ED1B24CAAD0026D075 /* Project object */;
}
